// !$*UTF8*$!
{
	archiveVersion = 1;
	classes = {
	};
	objectVersion = 46;
	objects = {

/* Begin PBXBuildFile section */
		8447DB7E1B9E2A8900B8E84D /* main.m in Sources */ = {isa = PBXBuildFile; fileRef = 8447DB7D1B9E2A8900B8E84D /* main.m */; };
		8447DB8B1B9E2AFC00B8E84D /* Apple.m in Sources */ = {isa = PBXBuildFile; fileRef = 8447DB851B9E2AFC00B8E84D /* Apple.m */; };
		8447DB8C1B9E2AFC00B8E84D /* AppleTree.m in Sources */ = {isa = PBXBuildFile; fileRef = 8447DB871B9E2AFC00B8E84D /* AppleTree.m */; };
		8447DB8D1B9E2AFC00B8E84D /* Leaf.m in Sources */ = {isa = PBXBuildFile; fileRef = 8447DB891B9E2AFC00B8E84D /* Leaf.m */; };
/* End PBXBuildFile section */

/* Begin PBXCopyFilesBuildPhase section */
		8447DB781B9E2A8900B8E84D /* CopyFiles */ = {
			isa = PBXCopyFilesBuildPhase;
			buildActionMask = 2147483647;
			dstPath = /usr/share/man/man1/;
			dstSubfolderSpec = 0;
			files = (
			);
			runOnlyForDeploymentPostprocessing = 1;
		};
/* End PBXCopyFilesBuildPhase section */

/* Begin PBXFileReference section */
		8447DB7A1B9E2A8900B8E84D /* Apple */ = {isa = PBXFileReference; explicitFileType = "compiled.mach-o.executable"; includeInIndex = 0; path = Apple; sourceTree = BUILT_PRODUCTS_DIR; };
		8447DB7D1B9E2A8900B8E84D /* main.m */ = {isa = PBXFileReference; lastKnownFileType = sourcecode.c.objc; path = main.m; sourceTree = "<group>"; };
		8447DB841B9E2AEC00B8E84D /* Apple.h */ = {isa = PBXFileReference; fileEncoding = 4; lastKnownFileType = sourcecode.c.h; path = Apple.h; sourceTree = "<group>"; };
		8447DB851B9E2AFC00B8E84D /* Apple.m */ = {isa = PBXFileReference; fileEncoding = 4; lastKnownFileType = sourcecode.c.objc; path = Apple.m; sourceTree = "<group>"; };
		8447DB861B9E2AFC00B8E84D /* AppleTree.h */ = {isa = PBXFileReference; fileEncoding = 4; lastKnownFileType = sourcecode.c.h; path = AppleTree.h; sourceTree = "<group>"; };
		8447DB871B9E2AFC00B8E84D /* AppleTree.m */ = {isa = PBXFileReference; fileEncoding = 4; lastKnownFileType = sourcecode.c.objc; path = AppleTree.m; sourceTree = "<group>"; };
		8447DB881B9E2AFC00B8E84D /* Leaf.h */ = {isa = PBXFileReference; fileEncoding = 4; lastKnownFileType = sourcecode.c.h; path = Leaf.h; sourceTree = "<group>"; };
		8447DB891B9E2AFC00B8E84D /* Leaf.m */ = {isa = PBXFileReference; fileEncoding = 4; lastKnownFileType = sourcecode.c.objc; path = Leaf.m; sourceTree = "<group>"; };
		8447DB8A1B9E2AFC00B8E84D /* Tree.h */ = {isa = PBXFileReference; fileEncoding = 4; lastKnownFileType = sourcecode.c.h; path = Tree.h; sourceTree = "<group>"; };
/* End PBXFileReference section */

/* Begin PBXFrameworksBuildPhase section */
		8447DB771B9E2A8900B8E84D /* Frameworks */ = {
			isa = PBXFrameworksBuildPhase;
			buildActionMask = 2147483647;
			files = (
			);
			runOnlyForDeploymentPostprocessing = 0;
		};
/* End PBXFrameworksBuildPhase section */

/* Begin PBXGroup section */
		8447DB711B9E2A8900B8E84D = {
			isa = PBXGroup;
			children = (
				8447DB7C1B9E2A8900B8E84D /* Apple */,
				8447DB7B1B9E2A8900B8E84D /* Products */,
			);
			sourceTree = "<group>";
		};
		8447DB7B1B9E2A8900B8E84D /* Products */ = {
			isa = PBXGroup;
			children = (
				8447DB7A1B9E2A8900B8E84D /* Apple */,
			);
			name = Products;
			sourceTree = "<group>";
		};
		8447DB7C1B9E2A8900B8E84D /* Apple */ = {
			isa = PBXGroup;
			children = (
				8447DB851B9E2AFC00B8E84D /* Apple.m */,
				8447DB861B9E2AFC00B8E84D /* AppleTree.h */,
				8447DB871B9E2AFC00B8E84D /* AppleTree.m */,
				8447DB881B9E2AFC00B8E84D /* Leaf.h */,
				8447DB891B9E2AFC00B8E84D /* Leaf.m */,
				8447DB8A1B9E2AFC00B8E84D /* Tree.h */,
				8447DB841B9E2AEC00B8E84D /* Apple.h */,
				8447DB7D1B9E2A8900B8E84D /* main.m */,
			);
			path = Apple;
			sourceTree = "<group>";
		};
/* End PBXGroup section */

/* Begin PBXNativeTarget section */
		8447DB791B9E2A8900B8E84D /* Apple */ = {
			isa = PBXNativeTarget;
			buildConfigurationList = 8447DB811B9E2A8900B8E84D /* Build configuration list for PBXNativeTarget "Apple" */;
			buildPhases = (
				8447DB761B9E2A8900B8E84D /* Sources */,
				8447DB771B9E2A8900B8E84D /* Frameworks */,
				8447DB781B9E2A8900B8E84D /* CopyFiles */,
			);
			buildRules = (
			);
			dependencies = (
			);
			name = Apple;
			productName = Apple;
			productReference = 8447DB7A1B9E2A8900B8E84D /* Apple */;
			productType = "com.apple.product-type.tool";
		};
/* End PBXNativeTarget section */

/* Begin PBXProject section */
		8447DB721B9E2A8900B8E84D /* Project object */ = {
			isa = PBXProject;
			attributes = {
				LastUpgradeCheck = 0640;
				ORGANIZATIONNAME = Admin;
				TargetAttributes = {
					8447DB791B9E2A8900B8E84D = {
						CreatedOnToolsVersion = 6.4;
					};
				};
			};
			buildConfigurationList = 8447DB751B9E2A8900B8E84D /* Build configuration list for PBXProject "Apple" */;
			compatibilityVersion = "Xcode 3.2";
			developmentRegion = English;
			hasScannedForEncodings = 0;
			knownRegions = (
				en,
			);
			mainGroup = 8447DB711B9E2A8900B8E84D;
			productRefGroup = 8447DB7B1B9E2A8900B8E84D /* Products */;
			projectDirPath = "";
			projectRoot = "";
			targets = (
				8447DB791B9E2A8900B8E84D /* Apple */,
			);
		};
/* End PBXProject section */

/* Begin PBXSourcesBuildPhase section */
		8447DB761B9E2A8900B8E84D /* Sources */ = {
			isa = PBXSourcesBuildPhase;
			buildActionMask = 2147483647;
			files = (
				8447DB8C1B9E2AFC00B8E84D /* AppleTree.m in Sources */,
				8447DB8D1B9E2AFC00B8E84D /* Leaf.m in Sources */,
				8447DB8B1B9E2AFC00B8E84D /* Apple.m in Sources */,
				8447DB7E1B9E2A8900B8E84D /* main.m in Sources */,
			);
			runOnlyForDeploymentPostprocessing = 0;
		};
/* End PBXSourcesBuildPhase section */

/* Begin XCBuildConfiguration section */
		8447DB7F1B9E2A8900B8E84D /* Debug */ = {
			isa = XCBuildConfiguration;
			buildSettings = {
				ALWAYS_SEARCH_USER_PATHS = NO;
				CLANG_CXX_LANGUAGE_STANDARD = "gnu++0x";
				CLANG_CXX_LIBRARY = "libc++";
				CLANG_ENABLE_MODULES = YES;
				CLANG_ENABLE_OBJC_ARC = YES;
				CLANG_WARN_BOOL_CONVERSION = YES;
				CLANG_WARN_CONSTANT_CONVERSION = YES;
				CLANG_WARN_DIRECT_OBJC_ISA_USAGE = YES_ERROR;
				CLANG_WARN_EMPTY_BODY = YES;
				CLANG_WARN_ENUM_CONVERSION = YES;
				CLANG_WARN_INT_CONVERSION = YES;
				CLANG_WARN_OBJC_ROOT_CLASS = YES_ERROR;
				CLANG_WARN_UNREACHABLE_CODE = YES;
				CLANG_WARN__DUPLICATE_METHOD_MATCH = YES;
				COPY_PHASE_STRIP = NO;
				DEBUG_INFORMATION_FORMAT = dwarf;
				ENABLE_STRICT_OBJC_MSGSEND = YES;
				GCC_C_LANGUAGE_STANDARD = gnu99;
				GCC_DYNAMIC_NO_PIC = NO;
				GCC_NO_COMMON_BLOCKS = YES;
				GCC_OPTIMIZATION_LEVEL = 0;
				GCC_PREPROCESSOR_DEFINITIONS = (
					"DEBUG=1",
					"$(inherited)",
				);
				GCC_SYMBOLS_PRIVATE_EXTERN = NO;
				GCC_WARN_64_TO_32_BIT_CONVERSION = YES;
				GCC_WARN_ABOUT_RETURN_TYPE = YES_ERROR;
				GCC_WARN_UNDECLARED_SELECTOR = YES;
				GCC_WARN_UNINITIALIZED_AUTOS = YES_AGGRESSIVE;
				GCC_WARN_UNUSED_FUNCTION = YES;
				GCC_WARN_UNUSED_VARIABLE = YES;
				MACOSX_DEPLOYMENT_TARGET = 10.10;
				MTL_ENABLE_DEBUG_INFO = YES;
				ONLY_ACTIVE_ARCH = YES;
				SDKROOT = macosx;
			};
			name = Debug;
		};
		8447DB801B9E2A8900B8E84D /* Release */ = {
			isa = XCBuildConfiguration;
			buildSettings = {
				ALWAYS_SEARCH_USER_PATHS = NO;
				CLANG_CXX_LANGUAGE_STANDARD = "gnu++0x";
				CLANG_CXX_LIBRARY = "libc++";
				CLANG_ENABLE_MODULES = YES;
				CLANG_ENABLE_OBJC_ARC = YES;
				CLANG_WARN_BOOL_CONVERSION = YES;
				CLANG_WARN_CONSTANT_CONVERSION = YES;
				CLANG_WARN_DIRECT_OBJC_ISA_USAGE = YES_ERROR;
				CLANG_WARN_EMPTY_BODY = YES;
				CLANG_WARN_ENUM_CONVERSION = YES;
				CLANG_WARN_INT_CONVERSION = YES;
				CLANG_WARN_OBJC_ROOT_CLASS = YES_ERROR;
				CLANG_WARN_UNREACHABLE_CODE = YES;
				CLANG_WARN__DUPLICATE_METHOD_MATCH = YES;
				COPY_PHASE_STRIP = NO;
				DEBUG_INFORMATION_FORMAT = "dwarf-with-dsym";
				ENABLE_NS_ASSERTIONS = NO;
				ENABLE_STRICT_OBJC_MSGSEND = YES;
				GCC_C_LANGUAGE_STANDARD = gnu99;
				GCC_NO_COMMON_BLOCKS = YES;
				GCC_WARN_64_TO_32_BIT_CONVERSION = YES;
				GCC_WARN_ABOUT_RETURN_TYPE = YES_ERROR;
				GCC_WARN_UNDECLARED_SELECTOR = YES;
				GCC_WARN_UNINITIALIZED_AUTOS = YES_AGGRESSIVE;
				GCC_WARN_UNUSED_FUNCTION = YES;
				GCC_WARN_UNUSED_VARIABLE = YES;
				MACOSX_DEPLOYMENT_TARGET = 10.10;
				MTL_ENABLE_DEBUG_INFO = NO;
				SDKROOT = macosx;
			};
			name = Release;
		};
		8447DB821B9E2A8900B8E84D /* Debug */ = {
			isa = XCBuildConfiguration;
			buildSettings = {
				PRODUCT_NAME = "$(TARGET_NAME)";
			};
			name = Debug;
		};
		8447DB831B9E2A8900B8E84D /* Release */ = {
			isa = XCBuildConfiguration;
			buildSettings = {
				PRODUCT_NAME = "$(TARGET_NAME)";
			};
			name = Release;
		};
/* End XCBuildConfiguration section */

/* Begin XCConfigurationList section */
		8447DB751B9E2A8900B8E84D /* Build configuration list for PBXProject "Apple" */ = {
			isa = XCConfigurationList;
			buildConfigurations = (
				8447DB7F1B9E2A8900B8E84D /* Debug */,
				8447DB801B9E2A8900B8E84D /* Release */,
			);
			defaultConfigurationIsVisible = 0;
			defaultConfigurationName = Release;
		};
		8447DB811B9E2A8900B8E84D /* Build configuration list for PBXNativeTarget "Apple" */ = {
			isa = XCConfigurationList;
			buildConfigurations = (
				8447DB821B9E2A8900B8E84D /* Debug */,
				8447DB831B9E2A8900B8E84D /* Release */,
			);
			defaultConfigurationIsVisible = 0;
			defaultConfigurationName = Release;
		};
/* End XCConfigurationList section */
	};
	rootObject = 8447DB721B9E2A8900B8E84D /* Project object */;
}
