// !$*UTF8*$!
{
	archiveVersion = 1;
	classes = {
	};
	objectVersion = 46;
	objects = {

/* Begin PBXBuildFile section */
		D030A7451B98A6730018A91F /* main.m in Sources */ = {isa = PBXBuildFile; fileRef = D030A7441B98A6730018A91F /* main.m */; };
		D030A74D1B98A7320018A91F /* Apple.m in Sources */ = {isa = PBXBuildFile; fileRef = D030A74C1B98A7320018A91F /* Apple.m */; };
		D030A7501B98B3670018A91F /* AppleTree.m in Sources */ = {isa = PBXBuildFile; fileRef = D030A74F1B98B3670018A91F /* AppleTree.m */; };
		D030A7531B98B37B0018A91F /* List.m in Sources */ = {isa = PBXBuildFile; fileRef = D030A7521B98B37B0018A91F /* List.m */; };
/* End PBXBuildFile section */

/* Begin PBXCopyFilesBuildPhase section */
		D030A73F1B98A6730018A91F /* CopyFiles */ = {
			isa = PBXCopyFilesBuildPhase;
			buildActionMask = 2147483647;
			dstPath = /usr/share/man/man1/;
			dstSubfolderSpec = 0;
			files = (
			);
			runOnlyForDeploymentPostprocessing = 1;
		};
/* End PBXCopyFilesBuildPhase section */

/* Begin PBXFileReference section */
		D030A7411B98A6730018A91F /* Apple */ = {isa = PBXFileReference; explicitFileType = "compiled.mach-o.executable"; includeInIndex = 0; path = Apple; sourceTree = BUILT_PRODUCTS_DIR; };
		D030A7441B98A6730018A91F /* main.m */ = {isa = PBXFileReference; lastKnownFileType = sourcecode.c.objc; path = main.m; sourceTree = "<group>"; };
		D030A74B1B98A7320018A91F /* Apple.h */ = {isa = PBXFileReference; fileEncoding = 4; lastKnownFileType = sourcecode.c.h; path = Apple.h; sourceTree = "<group>"; };
		D030A74C1B98A7320018A91F /* Apple.m */ = {isa = PBXFileReference; fileEncoding = 4; lastKnownFileType = sourcecode.c.objc; path = Apple.m; sourceTree = "<group>"; };
		D030A74E1B98B3670018A91F /* AppleTree.h */ = {isa = PBXFileReference; fileEncoding = 4; lastKnownFileType = sourcecode.c.h; path = AppleTree.h; sourceTree = "<group>"; };
		D030A74F1B98B3670018A91F /* AppleTree.m */ = {isa = PBXFileReference; fileEncoding = 4; lastKnownFileType = sourcecode.c.objc; path = AppleTree.m; sourceTree = "<group>"; };
		D030A7511B98B37B0018A91F /* List.h */ = {isa = PBXFileReference; fileEncoding = 4; lastKnownFileType = sourcecode.c.h; path = List.h; sourceTree = "<group>"; };
		D030A7521B98B37B0018A91F /* List.m */ = {isa = PBXFileReference; fileEncoding = 4; lastKnownFileType = sourcecode.c.objc; path = List.m; sourceTree = "<group>"; };
/* End PBXFileReference section */

/* Begin PBXFrameworksBuildPhase section */
		D030A73E1B98A6730018A91F /* Frameworks */ = {
			isa = PBXFrameworksBuildPhase;
			buildActionMask = 2147483647;
			files = (
			);
			runOnlyForDeploymentPostprocessing = 0;
		};
/* End PBXFrameworksBuildPhase section */

/* Begin PBXGroup section */
		D030A7381B98A6730018A91F = {
			isa = PBXGroup;
			children = (
				D030A7431B98A6730018A91F /* Apple */,
				D030A7421B98A6730018A91F /* Products */,
			);
			sourceTree = "<group>";
		};
		D030A7421B98A6730018A91F /* Products */ = {
			isa = PBXGroup;
			children = (
				D030A7411B98A6730018A91F /* Apple */,
			);
			name = Products;
			sourceTree = "<group>";
		};
		D030A7431B98A6730018A91F /* Apple */ = {
			isa = PBXGroup;
			children = (
				D030A7441B98A6730018A91F /* main.m */,
				D030A74B1B98A7320018A91F /* Apple.h */,
				D030A74C1B98A7320018A91F /* Apple.m */,
				D030A74E1B98B3670018A91F /* AppleTree.h */,
				D030A74F1B98B3670018A91F /* AppleTree.m */,
				D030A7511B98B37B0018A91F /* List.h */,
				D030A7521B98B37B0018A91F /* List.m */,
			);
			path = Apple;
			sourceTree = "<group>";
		};
/* End PBXGroup section */

/* Begin PBXNativeTarget section */
		D030A7401B98A6730018A91F /* Apple */ = {
			isa = PBXNativeTarget;
			buildConfigurationList = D030A7481B98A6730018A91F /* Build configuration list for PBXNativeTarget "Apple" */;
			buildPhases = (
				D030A73D1B98A6730018A91F /* Sources */,
				D030A73E1B98A6730018A91F /* Frameworks */,
				D030A73F1B98A6730018A91F /* CopyFiles */,
			);
			buildRules = (
			);
			dependencies = (
			);
			name = Apple;
			productName = Apple;
			productReference = D030A7411B98A6730018A91F /* Apple */;
			productType = "com.apple.product-type.tool";
		};
/* End PBXNativeTarget section */

/* Begin PBXProject section */
		D030A7391B98A6730018A91F /* Project object */ = {
			isa = PBXProject;
			attributes = {
				LastUpgradeCheck = 0620;
				ORGANIZATIONNAME = fpmi;
				TargetAttributes = {
					D030A7401B98A6730018A91F = {
						CreatedOnToolsVersion = 6.2;
					};
				};
			};
			buildConfigurationList = D030A73C1B98A6730018A91F /* Build configuration list for PBXProject "Apple" */;
			compatibilityVersion = "Xcode 3.2";
			developmentRegion = English;
			hasScannedForEncodings = 0;
			knownRegions = (
				en,
			);
			mainGroup = D030A7381B98A6730018A91F;
			productRefGroup = D030A7421B98A6730018A91F /* Products */;
			projectDirPath = "";
			projectRoot = "";
			targets = (
				D030A7401B98A6730018A91F /* Apple */,
			);
		};
/* End PBXProject section */

/* Begin PBXSourcesBuildPhase section */
		D030A73D1B98A6730018A91F /* Sources */ = {
			isa = PBXSourcesBuildPhase;
			buildActionMask = 2147483647;
			files = (
				D030A7501B98B3670018A91F /* AppleTree.m in Sources */,
				D030A7531B98B37B0018A91F /* List.m in Sources */,
				D030A74D1B98A7320018A91F /* Apple.m in Sources */,
				D030A7451B98A6730018A91F /* main.m in Sources */,
			);
			runOnlyForDeploymentPostprocessing = 0;
		};
/* End PBXSourcesBuildPhase section */

/* Begin XCBuildConfiguration section */
		D030A7461B98A6730018A91F /* Debug */ = {
			isa = XCBuildConfiguration;
			buildSettings = {
				ALWAYS_SEARCH_USER_PATHS = NO;
				CLANG_CXX_LANGUAGE_STANDARD = "gnu++0x";
				CLANG_CXX_LIBRARY = "libc++";
				CLANG_ENABLE_MODULES = YES;
				CLANG_ENABLE_OBJC_ARC = YES;
				CLANG_WARN_BOOL_CONVERSION = YES;
				CLANG_WARN_CONSTANT_CONVERSION = YES;
				CLANG_WARN_DIRECT_OBJC_ISA_USAGE = YES_ERROR;
				CLANG_WARN_EMPTY_BODY = YES;
				CLANG_WARN_ENUM_CONVERSION = YES;
				CLANG_WARN_INT_CONVERSION = YES;
				CLANG_WARN_OBJC_ROOT_CLASS = YES_ERROR;
				CLANG_WARN_UNREACHABLE_CODE = YES;
				CLANG_WARN__DUPLICATE_METHOD_MATCH = YES;
				COPY_PHASE_STRIP = NO;
				ENABLE_STRICT_OBJC_MSGSEND = YES;
				GCC_C_LANGUAGE_STANDARD = gnu99;
				GCC_DYNAMIC_NO_PIC = NO;
				GCC_OPTIMIZATION_LEVEL = 0;
				GCC_PREPROCESSOR_DEFINITIONS = (
					"DEBUG=1",
					"$(inherited)",
				);
				GCC_SYMBOLS_PRIVATE_EXTERN = NO;
				GCC_WARN_64_TO_32_BIT_CONVERSION = YES;
				GCC_WARN_ABOUT_RETURN_TYPE = YES_ERROR;
				GCC_WARN_UNDECLARED_SELECTOR = YES;
				GCC_WARN_UNINITIALIZED_AUTOS = YES_AGGRESSIVE;
				GCC_WARN_UNUSED_FUNCTION = YES;
				GCC_WARN_UNUSED_VARIABLE = YES;
				MACOSX_DEPLOYMENT_TARGET = 10.10;
				MTL_ENABLE_DEBUG_INFO = YES;
				ONLY_ACTIVE_ARCH = YES;
				SDKROOT = macosx;
			};
			name = Debug;
		};
		D030A7471B98A6730018A91F /* Release */ = {
			isa = XCBuildConfiguration;
			buildSettings = {
				ALWAYS_SEARCH_USER_PATHS = NO;
				CLANG_CXX_LANGUAGE_STANDARD = "gnu++0x";
				CLANG_CXX_LIBRARY = "libc++";
				CLANG_ENABLE_MODULES = YES;
				CLANG_ENABLE_OBJC_ARC = YES;
				CLANG_WARN_BOOL_CONVERSION = YES;
				CLANG_WARN_CONSTANT_CONVERSION = YES;
				CLANG_WARN_DIRECT_OBJC_ISA_USAGE = YES_ERROR;
				CLANG_WARN_EMPTY_BODY = YES;
				CLANG_WARN_ENUM_CONVERSION = YES;
				CLANG_WARN_INT_CONVERSION = YES;
				CLANG_WARN_OBJC_ROOT_CLASS = YES_ERROR;
				CLANG_WARN_UNREACHABLE_CODE = YES;
				CLANG_WARN__DUPLICATE_METHOD_MATCH = YES;
				COPY_PHASE_STRIP = NO;
				DEBUG_INFORMATION_FORMAT = "dwarf-with-dsym";
				ENABLE_NS_ASSERTIONS = NO;
				ENABLE_STRICT_OBJC_MSGSEND = YES;
				GCC_C_LANGUAGE_STANDARD = gnu99;
				GCC_WARN_64_TO_32_BIT_CONVERSION = YES;
				GCC_WARN_ABOUT_RETURN_TYPE = YES_ERROR;
				GCC_WARN_UNDECLARED_SELECTOR = YES;
				GCC_WARN_UNINITIALIZED_AUTOS = YES_AGGRESSIVE;
				GCC_WARN_UNUSED_FUNCTION = YES;
				GCC_WARN_UNUSED_VARIABLE = YES;
				MACOSX_DEPLOYMENT_TARGET = 10.10;
				MTL_ENABLE_DEBUG_INFO = NO;
				SDKROOT = macosx;
			};
			name = Release;
		};
		D030A7491B98A6730018A91F /* Debug */ = {
			isa = XCBuildConfiguration;
			buildSettings = {
				PRODUCT_NAME = "$(TARGET_NAME)";
			};
			name = Debug;
		};
		D030A74A1B98A6730018A91F /* Release */ = {
			isa = XCBuildConfiguration;
			buildSettings = {
				PRODUCT_NAME = "$(TARGET_NAME)";
			};
			name = Release;
		};
/* End XCBuildConfiguration section */

/* Begin XCConfigurationList section */
		D030A73C1B98A6730018A91F /* Build configuration list for PBXProject "Apple" */ = {
			isa = XCConfigurationList;
			buildConfigurations = (
				D030A7461B98A6730018A91F /* Debug */,
				D030A7471B98A6730018A91F /* Release */,
			);
			defaultConfigurationIsVisible = 0;
			defaultConfigurationName = Release;
		};
		D030A7481B98A6730018A91F /* Build configuration list for PBXNativeTarget "Apple" */ = {
			isa = XCConfigurationList;
			buildConfigurations = (
				D030A7491B98A6730018A91F /* Debug */,
				D030A74A1B98A6730018A91F /* Release */,
			);
			defaultConfigurationIsVisible = 0;
		};
/* End XCConfigurationList section */
	};
	rootObject = D030A7391B98A6730018A91F /* Project object */;
}
